
Microsoft Visual Studio Solution File, Format Version 11.00
# Visual Studio 2010
Project("{FAE04EC0-301F-11D3-BF4B-00C04F79EFBC}") = "CNM.Web", "CNM.Web\CNM.Web.csproj", "{F617477F-3369-452E-B022-7A776740574B}"
EndProject
Project("{FAE04EC0-301F-11D3-BF4B-00C04F79EFBC}") = "CNM", "CNM\CNM.csproj", "{4D802B22-5DEB-4EB2-AC5F-D1941AB9CDFA}"
EndProject
Project("{FAE04EC0-301F-11D3-BF4B-00C04F79EFBC}") = "CNM.Tests", "CNM.Tests\CNM.Tests.csproj", "{8DA085B9-E699-42BF-B07F-7C7D575D30AD}"
EndProject
Project("{2150E333-8FDC-42A3-9474-1A3956D46DE8}") = "Solution Items", "Solution Items", "{6F5A87DF-87E0-4CB1-9303-CB93FAC3C24B}"
	ProjectSection(SolutionItems) = preProject
		CNM.Web.vsmdi = CNM.Web.vsmdi
		Local.testsettings = Local.testsettings
		TraceAndTestImpact.testsettings = TraceAndTestImpact.testsettings
	EndProjectSection
EndProject
Global
	GlobalSection(TestCaseManagementSettings) = postSolution
		CategoryFile = CNM.Web.vsmdi
	EndGlobalSection
	GlobalSection(SolutionConfigurationPlatforms) = preSolution
		Debug|Any CPU = Debug|Any CPU
		Release|Any CPU = Release|Any CPU
	EndGlobalSection
	GlobalSection(ProjectConfigurationPlatforms) = postSolution
		{F617477F-3369-452E-B022-7A776740574B}.Debug|Any CPU.ActiveCfg = Debug|Any CPU
		{F617477F-3369-452E-B022-7A776740574B}.Debug|Any CPU.Build.0 = Debug|Any CPU
		{F617477F-3369-452E-B022-7A776740574B}.Release|Any CPU.ActiveCfg = Release|Any CPU
		{F617477F-3369-452E-B022-7A776740574B}.Release|Any CPU.Build.0 = Release|Any CPU
		{4D802B22-5DEB-4EB2-AC5F-D1941AB9CDFA}.Debug|Any CPU.ActiveCfg = Debug|Any CPU
		{4D802B22-5DEB-4EB2-AC5F-D1941AB9CDFA}.Debug|Any CPU.Build.0 = Debug|Any CPU
		{4D802B22-5DEB-4EB2-AC5F-D1941AB9CDFA}.Release|Any CPU.ActiveCfg = Release|Any CPU
		{4D802B22-5DEB-4EB2-AC5F-D1941AB9CDFA}.Release|Any CPU.Build.0 = Release|Any CPU
		{8DA085B9-E699-42BF-B07F-7C7D575D30AD}.Debug|Any CPU.ActiveCfg = Debug|Any CPU
		{8DA085B9-E699-42BF-B07F-7C7D575D30AD}.Debug|Any CPU.Build.0 = Debug|Any CPU
		{8DA085B9-E699-42BF-B07F-7C7D575D30AD}.Release|Any CPU.ActiveCfg = Release|Any CPU
		{8DA085B9-E699-42BF-B07F-7C7D575D30AD}.Release|Any CPU.Build.0 = Release|Any CPU
	EndGlobalSection
	GlobalSection(SolutionProperties) = preSolution
		HideSolutionNode = FALSE
	EndGlobalSection
EndGlobal
